
Microsoft Visual Studio Solution File, Format Version 12.00
# Visual Studio Version 17
VisualStudioVersion = 17.5.33516.290
MinimumVisualStudioVersion = 10.0.40219.1
Project("{9A19103F-16F7-4668-BE54-9A1E7A4F7556}") = "votClient", "votClient\votClient.csproj", "{00CD69B2-D5CC-4BCA-A729-7BDC237EFBC7}"
EndProject
Project("{9A19103F-16F7-4668-BE54-9A1E7A4F7556}") = "CommonBase", "CommonBase\CommonBase.csproj", "{AC1B16AF-1917-4BB1-9075-2E318813F237}"
EndProject
Project("{9A19103F-16F7-4668-BE54-9A1E7A4F7556}") = "CommonLoginComponets", "CommonLoginComponets\CommonLoginComponets.csproj", "{4B8F3E90-92A2-4501-8A91-5C5C3C8E97CB}"
EndProject
Project("{2150E333-8FDC-42A3-9474-1A3956D46DE8}") = "Components", "Components", "{7F1365C6-0DC8-4F0E-8107-31AC0049D53C}"
EndProject
Project("{9A19103F-16F7-4668-BE54-9A1E7A4F7556}") = "Component.ProductCategory", "Component.ProductCategory\Component.ProductCategory.csproj", "{4EB882F5-2AD6-4219-96DA-9F022CA03BFF}"
EndProject
Global
	GlobalSection(SolutionConfigurationPlatforms) = preSolution
		Debug|Any CPU = Debug|Any CPU
		Release|Any CPU = Release|Any CPU
	EndGlobalSection
	GlobalSection(ProjectConfigurationPlatforms) = postSolution
		{00CD69B2-D5CC-4BCA-A729-7BDC237EFBC7}.Debug|Any CPU.ActiveCfg = Debug|Any CPU
		{00CD69B2-D5CC-4BCA-A729-7BDC237EFBC7}.Debug|Any CPU.Build.0 = Debug|Any CPU
		{00CD69B2-D5CC-4BCA-A729-7BDC237EFBC7}.Release|Any CPU.ActiveCfg = Release|Any CPU
		{00CD69B2-D5CC-4BCA-A729-7BDC237EFBC7}.Release|Any CPU.Build.0 = Release|Any CPU
		{AC1B16AF-1917-4BB1-9075-2E318813F237}.Debug|Any CPU.ActiveCfg = Debug|Any CPU
		{AC1B16AF-1917-4BB1-9075-2E318813F237}.Debug|Any CPU.Build.0 = Debug|Any CPU
		{AC1B16AF-1917-4BB1-9075-2E318813F237}.Release|Any CPU.ActiveCfg = Release|Any CPU
		{AC1B16AF-1917-4BB1-9075-2E318813F237}.Release|Any CPU.Build.0 = Release|Any CPU
		{4B8F3E90-92A2-4501-8A91-5C5C3C8E97CB}.Debug|Any CPU.ActiveCfg = Debug|Any CPU
		{4B8F3E90-92A2-4501-8A91-5C5C3C8E97CB}.Debug|Any CPU.Build.0 = Debug|Any CPU
		{4B8F3E90-92A2-4501-8A91-5C5C3C8E97CB}.Release|Any CPU.ActiveCfg = Release|Any CPU
		{4B8F3E90-92A2-4501-8A91-5C5C3C8E97CB}.Release|Any CPU.Build.0 = Release|Any CPU
		{4EB882F5-2AD6-4219-96DA-9F022CA03BFF}.Debug|Any CPU.ActiveCfg = Debug|Any CPU
		{4EB882F5-2AD6-4219-96DA-9F022CA03BFF}.Debug|Any CPU.Build.0 = Debug|Any CPU
		{4EB882F5-2AD6-4219-96DA-9F022CA03BFF}.Release|Any CPU.ActiveCfg = Release|Any CPU
		{4EB882F5-2AD6-4219-96DA-9F022CA03BFF}.Release|Any CPU.Build.0 = Release|Any CPU
	EndGlobalSection
	GlobalSection(SolutionProperties) = preSolution
		HideSolutionNode = FALSE
	EndGlobalSection
	GlobalSection(NestedProjects) = preSolution
		{4EB882F5-2AD6-4219-96DA-9F022CA03BFF} = {7F1365C6-0DC8-4F0E-8107-31AC0049D53C}
	EndGlobalSection
	GlobalSection(ExtensibilityGlobals) = postSolution
		SolutionGuid = {4AB5E33F-A545-4004-BD88-A01F500472C9}
	EndGlobalSection
EndGlobal
